
Microsoft Visual Studio Solution File, Format Version 12.00
# Visual Studio Version 16
VisualStudioVersion = 16.0.31112.23
MinimumVisualStudioVersion = 10.0.40219.1
Project("{FAE04EC0-301F-11D3-BF4B-00C04F79EFBC}") = "HyperSpaceSystem", "HyperSpaceSystem\HyperSpaceSystem.csproj", "{53B26497-089F-4A9E-B43D-16EDABEFFF56}"
EndProject
Project("{FAE04EC0-301F-11D3-BF4B-00C04F79EFBC}") = "Graella", "Graella\Graella.csproj", "{9815F17D-7C8F-47C0-B9C3-844C67817C4D}"
EndProject
Project("{FAE04EC0-301F-11D3-BF4B-00C04F79EFBC}") = "UnitTesting", "UnitTesting\UnitTesting.csproj", "{EA233BFE-37FD-4B84-934B-61779C9C6EB0}"
EndProject
Global
	GlobalSection(SolutionConfigurationPlatforms) = preSolution
		Debug|Any CPU = Debug|Any CPU
		Release|Any CPU = Release|Any CPU
	EndGlobalSection
	GlobalSection(ProjectConfigurationPlatforms) = postSolution
		{53B26497-089F-4A9E-B43D-16EDABEFFF56}.Debug|Any CPU.ActiveCfg = Debug|Any CPU
		{53B26497-089F-4A9E-B43D-16EDABEFFF56}.Debug|Any CPU.Build.0 = Debug|Any CPU
		{53B26497-089F-4A9E-B43D-16EDABEFFF56}.Release|Any CPU.ActiveCfg = Release|Any CPU
		{53B26497-089F-4A9E-B43D-16EDABEFFF56}.Release|Any CPU.Build.0 = Release|Any CPU
		{9815F17D-7C8F-47C0-B9C3-844C67817C4D}.Debug|Any CPU.ActiveCfg = Debug|Any CPU
		{9815F17D-7C8F-47C0-B9C3-844C67817C4D}.Debug|Any CPU.Build.0 = Debug|Any CPU
		{9815F17D-7C8F-47C0-B9C3-844C67817C4D}.Release|Any CPU.ActiveCfg = Release|Any CPU
		{9815F17D-7C8F-47C0-B9C3-844C67817C4D}.Release|Any CPU.Build.0 = Release|Any CPU
		{EA233BFE-37FD-4B84-934B-61779C9C6EB0}.Debug|Any CPU.ActiveCfg = Debug|Any CPU
		{EA233BFE-37FD-4B84-934B-61779C9C6EB0}.Debug|Any CPU.Build.0 = Debug|Any CPU
		{EA233BFE-37FD-4B84-934B-61779C9C6EB0}.Release|Any CPU.ActiveCfg = Release|Any CPU
		{EA233BFE-37FD-4B84-934B-61779C9C6EB0}.Release|Any CPU.Build.0 = Release|Any CPU
	EndGlobalSection
	GlobalSection(SolutionProperties) = preSolution
		HideSolutionNode = FALSE
	EndGlobalSection
	GlobalSection(ExtensibilityGlobals) = postSolution
		SolutionGuid = {78B018AD-6742-4665-8E5F-CE49E85D4045}
	EndGlobalSection
EndGlobal
