
Microsoft Visual Studio Solution File, Format Version 12.00
# Visual Studio Version 16
VisualStudioVersion = 16.0.30804.86
MinimumVisualStudioVersion = 10.0.40219.1
Project("{FAE04EC0-301F-11D3-BF4B-00C04F79EFBC}") = "BalisesPassives", "BalisesPassives.csproj", "{23FDC4BA-EB0A-4692-9DD1-5D42182FE95B}"
EndProject
Global
	GlobalSection(SolutionConfigurationPlatforms) = preSolution
		Debug|Any CPU = Debug|Any CPU
		Release|Any CPU = Release|Any CPU
	EndGlobalSection
	GlobalSection(ProjectConfigurationPlatforms) = postSolution
		{23FDC4BA-EB0A-4692-9DD1-5D42182FE95B}.Debug|Any CPU.ActiveCfg = Debug|Any CPU
		{23FDC4BA-EB0A-4692-9DD1-5D42182FE95B}.Debug|Any CPU.Build.0 = Debug|Any CPU
		{23FDC4BA-EB0A-4692-9DD1-5D42182FE95B}.Release|Any CPU.ActiveCfg = Release|Any CPU
		{23FDC4BA-EB0A-4692-9DD1-5D42182FE95B}.Release|Any CPU.Build.0 = Release|Any CPU
	EndGlobalSection
	GlobalSection(SolutionProperties) = preSolution
		HideSolutionNode = FALSE
	EndGlobalSection
	GlobalSection(ExtensibilityGlobals) = postSolution
		SolutionGuid = {AC7C9A30-2783-4C03-BAA6-FA958E938778}
	EndGlobalSection
EndGlobal
