
Microsoft Visual Studio Solution File, Format Version 12.00
# Visual Studio Version 16
VisualStudioVersion = 16.0.31112.23
MinimumVisualStudioVersion = 10.0.40219.1
Project("{FAE04EC0-301F-11D3-BF4B-00C04F79EFBC}") = "Critical System", "Critical System\Critical System.csproj", "{B465B589-2963-4069-8B3B-274332020D7B}"
EndProject
Project("{FAE04EC0-301F-11D3-BF4B-00C04F79EFBC}") = "BibliotecaXWigns", "BibliotecaXWigns\BibliotecaXWigns.csproj", "{3820203E-4319-4D26-864C-4ECC1903B0D9}"
EndProject
Global
	GlobalSection(SolutionConfigurationPlatforms) = preSolution
		Debug|Any CPU = Debug|Any CPU
		Release|Any CPU = Release|Any CPU
	EndGlobalSection
	GlobalSection(ProjectConfigurationPlatforms) = postSolution
		{B465B589-2963-4069-8B3B-274332020D7B}.Debug|Any CPU.ActiveCfg = Debug|Any CPU
		{B465B589-2963-4069-8B3B-274332020D7B}.Debug|Any CPU.Build.0 = Debug|Any CPU
		{B465B589-2963-4069-8B3B-274332020D7B}.Release|Any CPU.ActiveCfg = Release|Any CPU
		{B465B589-2963-4069-8B3B-274332020D7B}.Release|Any CPU.Build.0 = Release|Any CPU
		{3820203E-4319-4D26-864C-4ECC1903B0D9}.Debug|Any CPU.ActiveCfg = Debug|Any CPU
		{3820203E-4319-4D26-864C-4ECC1903B0D9}.Debug|Any CPU.Build.0 = Debug|Any CPU
		{3820203E-4319-4D26-864C-4ECC1903B0D9}.Release|Any CPU.ActiveCfg = Release|Any CPU
		{3820203E-4319-4D26-864C-4ECC1903B0D9}.Release|Any CPU.Build.0 = Release|Any CPU
	EndGlobalSection
	GlobalSection(SolutionProperties) = preSolution
		HideSolutionNode = FALSE
	EndGlobalSection
	GlobalSection(ExtensibilityGlobals) = postSolution
		SolutionGuid = {C4876F52-E97C-46FD-A245-5F34FB42F5D4}
	EndGlobalSection
EndGlobal
